
Microsoft Visual Studio Solution File, Format Version 12.00
# Visual Studio 14
VisualStudioVersion = 14.0.24720.0
MinimumVisualStudioVersion = 10.0.40219.1
Project("{FAE04EC0-301F-11D3-BF4B-00C04F79EFBC}") = "matematicas", "matematicas\matematicas.csproj", "{63FF1E53-FDFF-4C17-92FD-0A2882D04849}"
EndProject
Global
	GlobalSection(SolutionConfigurationPlatforms) = preSolution
		Debug|Any CPU = Debug|Any CPU
		Release|Any CPU = Release|Any CPU
	EndGlobalSection
	GlobalSection(ProjectConfigurationPlatforms) = postSolution
		{63FF1E53-FDFF-4C17-92FD-0A2882D04849}.Debug|Any CPU.ActiveCfg = Debug|Any CPU
		{63FF1E53-FDFF-4C17-92FD-0A2882D04849}.Debug|Any CPU.Build.0 = Debug|Any CPU
		{63FF1E53-FDFF-4C17-92FD-0A2882D04849}.Release|Any CPU.ActiveCfg = Release|Any CPU
		{63FF1E53-FDFF-4C17-92FD-0A2882D04849}.Release|Any CPU.Build.0 = Release|Any CPU
	EndGlobalSection
	GlobalSection(SolutionProperties) = preSolution
		HideSolutionNode = FALSE
	EndGlobalSection
EndGlobal
